
Microsoft Visual Studio Solution File, Format Version 12.00
# Visual Studio 14
VisualStudioVersion = 14.0.25420.1
MinimumVisualStudioVersion = 10.0.40219.1
Project("{8BC9CEB8-8B4A-11D0-8D11-00A0C91BC942}") = "01_value_between_01", "01_value_between_01\01_value_between_01.vcxproj", "{6120376E-91DF-41A0-BE22-9D037C2179BA}"
EndProject
Project("{8BC9CEB8-8B4A-11D0-8D11-00A0C91BC942}") = "02_value_between_02", "02_value_between_02\02_value_between_02.vcxproj", "{F53C864C-DB93-4CB8-9065-2A0637251B76}"
EndProject
Project("{8BC9CEB8-8B4A-11D0-8D11-00A0C91BC942}") = "03_value_between_03", "03_value_between_03\03_value_between_03.vcxproj", "{2B8D2D3A-1AF2-4391-B9FA-A3B030C286E3}"
EndProject
Project("{8BC9CEB8-8B4A-11D0-8D11-00A0C91BC942}") = "04_value_between_04", "04_value_between_04\04_value_between_04.vcxproj", "{0BDFE7C9-D77C-4235-959A-97700F178227}"
EndProject
Project("{8BC9CEB8-8B4A-11D0-8D11-00A0C91BC942}") = "05_value_between_05", "05_value_between_05\05_value_between_05.vcxproj", "{30C54FD9-AC29-4D14-905E-52EC7805067D}"
EndProject
Project("{8BC9CEB8-8B4A-11D0-8D11-00A0C91BC942}") = "06_guess_number", "06_guess_number\06_guess_number.vcxproj", "{F1E23D67-E06A-4084-A1DB-B95E645F49AD}"
EndProject
Project("{8BC9CEB8-8B4A-11D0-8D11-00A0C91BC942}") = "07_positive_integers", "07_positive_integers\07_positive_integers.vcxproj", "{45B76CA6-096E-43C8-B051-07B8107098A1}"
EndProject
Project("{8BC9CEB8-8B4A-11D0-8D11-00A0C91BC942}") = "08_amount_of_numbers_and_their_sum", "08_amount_of_numbers_and_their_sum\08_amount_of_numbers_and_their_sum.vcxproj", "{DF7901E1-C7C8-47A1-81A9-1A652625A10B}"
EndProject
Project("{8BC9CEB8-8B4A-11D0-8D11-00A0C91BC942}") = "09_positive_integers_intmax_and_range", "09_positive_integers_intmax_and_range\09_positive_integers_intmax_and_range.vcxproj", "{DFF30F00-6225-447F-A56A-41847F677539}"
EndProject
Project("{8BC9CEB8-8B4A-11D0-8D11-00A0C91BC942}") = "10_time_task", "10_time_task\10_time_task.vcxproj", "{A8DB22C8-8512-4801-8461-8F7EB1837437}"
EndProject
Project("{8BC9CEB8-8B4A-11D0-8D11-00A0C91BC942}") = "11_mult_and_div", "11_mult_and_div\11_mult_and_div.vcxproj", "{6A910099-AA3B-40FA-9F97-2FB370ACA537}"
EndProject
Project("{8BC9CEB8-8B4A-11D0-8D11-00A0C91BC942}") = "12_mult_table", "12_mult_table\12_mult_table.vcxproj", "{9EFB717F-E1A4-4D04-B13D-8A7B9475E831}"
EndProject
Project("{8BC9CEB8-8B4A-11D0-8D11-00A0C91BC942}") = "13_num_series", "13_num_series\13_num_series.vcxproj", "{D5D6FE7A-54CE-4981-B253-2DB38A2690F6}"
EndProject
Project("{8BC9CEB8-8B4A-11D0-8D11-00A0C91BC942}") = "14_char_swap", "14_char_swap\14_char_swap.vcxproj", "{941E8E99-78A3-45AA-8715-1C689DF6682B}"
EndProject
Project("{8BC9CEB8-8B4A-11D0-8D11-00A0C91BC942}") = "15_string_replace", "15_string_replace\15_string_replace.vcxproj", "{BF37FAB4-C8C6-4D9C-8135-21D7F94E0163}"
EndProject
Project("{8BC9CEB8-8B4A-11D0-8D11-00A0C91BC942}") = "16_string_find_series_of_numbers", "16_string_find_series_of_numbers\16_string_find_series_of_numbers.vcxproj", "{FA4C2AD6-EC3C-48D5-9F48-8AA9D3870B7B}"
EndProject
Project("{8BC9CEB8-8B4A-11D0-8D11-00A0C91BC942}") = "17_replace_same_on_same_index", "17_replace_same_on_same_index\17_replace_same_on_same_index.vcxproj", "{6E41403E-CB3D-4F66-9795-AB3779F80FB9}"
EndProject
Project("{8BC9CEB8-8B4A-11D0-8D11-00A0C91BC942}") = "18_replace_specific_ext_ascii_chars", "18_replace_specific_ext_ascii_chars\18_replace_specific_ext_ascii_chars.vcxproj", "{E6229087-DA0F-438F-AF71-2FA9D7F059F0}"
EndProject
Project("{8BC9CEB8-8B4A-11D0-8D11-00A0C91BC942}") = "23_arrays_001", "23_arrays_001\23_arrays_001.vcxproj", "{1213FDB2-D40D-42C2-B79F-1DE302E8862A}"
EndProject
Project("{8BC9CEB8-8B4A-11D0-8D11-00A0C91BC942}") = "24_arrays_02", "24_arrays_02\24_arrays_02.vcxproj", "{F1CEE00B-83CC-492C-909D-E9282505464D}"
EndProject
Project("{8BC9CEB8-8B4A-11D0-8D11-00A0C91BC942}") = "25_arrays_03", "25_arrays_03\25_arrays_03.vcxproj", "{8C389551-6642-4737-9244-8ECBDE0F1BF4}"
EndProject
Project("{8BC9CEB8-8B4A-11D0-8D11-00A0C91BC942}") = "26_arrays_04", "26_arrays_04\26_arrays_04.vcxproj", "{92C4CBDA-F8CD-417F-B300-735685B747A9}"
EndProject
Project("{8BC9CEB8-8B4A-11D0-8D11-00A0C91BC942}") = "31_encrypt_decrypt", "31_encrypt_decrypt\31_encrypt_decrypt.vcxproj", "{10A29CEF-1F3D-421A-BCFC-646A04EF157F}"
EndProject
Project("{8BC9CEB8-8B4A-11D0-8D11-00A0C91BC942}") = "32_diagram", "32_diagram\32_diagram.vcxproj", "{87C3435E-37C6-41A5-A25F-ED77CB19AEC5}"
EndProject
Project("{8BC9CEB8-8B4A-11D0-8D11-00A0C91BC942}") = "30_arrays_08", "30_arrays_08\30_arrays_08.vcxproj", "{68D4A2A4-E613-445C-93B5-7DC3792851B5}"
EndProject
Project("{8BC9CEB8-8B4A-11D0-8D11-00A0C91BC942}") = "27_arrays_05", "27_arrays_05\27_arrays_05.vcxproj", "{C6ABB72B-AB11-47A0-946C-31BBA7494E3B}"
EndProject
Global
	GlobalSection(SolutionConfigurationPlatforms) = preSolution
		Debug|x64 = Debug|x64
		Debug|x86 = Debug|x86
		Release|x64 = Release|x64
		Release|x86 = Release|x86
	EndGlobalSection
	GlobalSection(ProjectConfigurationPlatforms) = postSolution
		{6120376E-91DF-41A0-BE22-9D037C2179BA}.Debug|x64.ActiveCfg = Debug|x64
		{6120376E-91DF-41A0-BE22-9D037C2179BA}.Debug|x64.Build.0 = Debug|x64
		{6120376E-91DF-41A0-BE22-9D037C2179BA}.Debug|x86.ActiveCfg = Debug|Win32
		{6120376E-91DF-41A0-BE22-9D037C2179BA}.Debug|x86.Build.0 = Debug|Win32
		{6120376E-91DF-41A0-BE22-9D037C2179BA}.Release|x64.ActiveCfg = Release|x64
		{6120376E-91DF-41A0-BE22-9D037C2179BA}.Release|x64.Build.0 = Release|x64
		{6120376E-91DF-41A0-BE22-9D037C2179BA}.Release|x86.ActiveCfg = Release|Win32
		{6120376E-91DF-41A0-BE22-9D037C2179BA}.Release|x86.Build.0 = Release|Win32
		{F53C864C-DB93-4CB8-9065-2A0637251B76}.Debug|x64.ActiveCfg = Debug|x64
		{F53C864C-DB93-4CB8-9065-2A0637251B76}.Debug|x64.Build.0 = Debug|x64
		{F53C864C-DB93-4CB8-9065-2A0637251B76}.Debug|x86.ActiveCfg = Debug|Win32
		{F53C864C-DB93-4CB8-9065-2A0637251B76}.Debug|x86.Build.0 = Debug|Win32
		{F53C864C-DB93-4CB8-9065-2A0637251B76}.Release|x64.ActiveCfg = Release|x64
		{F53C864C-DB93-4CB8-9065-2A0637251B76}.Release|x64.Build.0 = Release|x64
		{F53C864C-DB93-4CB8-9065-2A0637251B76}.Release|x86.ActiveCfg = Release|Win32
		{F53C864C-DB93-4CB8-9065-2A0637251B76}.Release|x86.Build.0 = Release|Win32
		{2B8D2D3A-1AF2-4391-B9FA-A3B030C286E3}.Debug|x64.ActiveCfg = Debug|x64
		{2B8D2D3A-1AF2-4391-B9FA-A3B030C286E3}.Debug|x64.Build.0 = Debug|x64
		{2B8D2D3A-1AF2-4391-B9FA-A3B030C286E3}.Debug|x86.ActiveCfg = Debug|Win32
		{2B8D2D3A-1AF2-4391-B9FA-A3B030C286E3}.Debug|x86.Build.0 = Debug|Win32
		{2B8D2D3A-1AF2-4391-B9FA-A3B030C286E3}.Release|x64.ActiveCfg = Release|x64
		{2B8D2D3A-1AF2-4391-B9FA-A3B030C286E3}.Release|x64.Build.0 = Release|x64
		{2B8D2D3A-1AF2-4391-B9FA-A3B030C286E3}.Release|x86.ActiveCfg = Release|Win32
		{2B8D2D3A-1AF2-4391-B9FA-A3B030C286E3}.Release|x86.Build.0 = Release|Win32
		{0BDFE7C9-D77C-4235-959A-97700F178227}.Debug|x64.ActiveCfg = Debug|x64
		{0BDFE7C9-D77C-4235-959A-97700F178227}.Debug|x64.Build.0 = Debug|x64
		{0BDFE7C9-D77C-4235-959A-97700F178227}.Debug|x86.ActiveCfg = Debug|Win32
		{0BDFE7C9-D77C-4235-959A-97700F178227}.Debug|x86.Build.0 = Debug|Win32
		{0BDFE7C9-D77C-4235-959A-97700F178227}.Release|x64.ActiveCfg = Release|x64
		{0BDFE7C9-D77C-4235-959A-97700F178227}.Release|x64.Build.0 = Release|x64
		{0BDFE7C9-D77C-4235-959A-97700F178227}.Release|x86.ActiveCfg = Release|Win32
		{0BDFE7C9-D77C-4235-959A-97700F178227}.Release|x86.Build.0 = Release|Win32
		{30C54FD9-AC29-4D14-905E-52EC7805067D}.Debug|x64.ActiveCfg = Debug|x64
		{30C54FD9-AC29-4D14-905E-52EC7805067D}.Debug|x64.Build.0 = Debug|x64
		{30C54FD9-AC29-4D14-905E-52EC7805067D}.Debug|x86.ActiveCfg = Debug|Win32
		{30C54FD9-AC29-4D14-905E-52EC7805067D}.Debug|x86.Build.0 = Debug|Win32
		{30C54FD9-AC29-4D14-905E-52EC7805067D}.Release|x64.ActiveCfg = Release|x64
		{30C54FD9-AC29-4D14-905E-52EC7805067D}.Release|x64.Build.0 = Release|x64
		{30C54FD9-AC29-4D14-905E-52EC7805067D}.Release|x86.ActiveCfg = Release|Win32
		{30C54FD9-AC29-4D14-905E-52EC7805067D}.Release|x86.Build.0 = Release|Win32
		{F1E23D67-E06A-4084-A1DB-B95E645F49AD}.Debug|x64.ActiveCfg = Debug|x64
		{F1E23D67-E06A-4084-A1DB-B95E645F49AD}.Debug|x64.Build.0 = Debug|x64
		{F1E23D67-E06A-4084-A1DB-B95E645F49AD}.Debug|x86.ActiveCfg = Debug|Win32
		{F1E23D67-E06A-4084-A1DB-B95E645F49AD}.Debug|x86.Build.0 = Debug|Win32
		{F1E23D67-E06A-4084-A1DB-B95E645F49AD}.Release|x64.ActiveCfg = Release|x64
		{F1E23D67-E06A-4084-A1DB-B95E645F49AD}.Release|x64.Build.0 = Release|x64
		{F1E23D67-E06A-4084-A1DB-B95E645F49AD}.Release|x86.ActiveCfg = Release|Win32
		{F1E23D67-E06A-4084-A1DB-B95E645F49AD}.Release|x86.Build.0 = Release|Win32
		{45B76CA6-096E-43C8-B051-07B8107098A1}.Debug|x64.ActiveCfg = Debug|x64
		{45B76CA6-096E-43C8-B051-07B8107098A1}.Debug|x64.Build.0 = Debug|x64
		{45B76CA6-096E-43C8-B051-07B8107098A1}.Debug|x86.ActiveCfg = Debug|Win32
		{45B76CA6-096E-43C8-B051-07B8107098A1}.Debug|x86.Build.0 = Debug|Win32
		{45B76CA6-096E-43C8-B051-07B8107098A1}.Release|x64.ActiveCfg = Release|x64
		{45B76CA6-096E-43C8-B051-07B8107098A1}.Release|x64.Build.0 = Release|x64
		{45B76CA6-096E-43C8-B051-07B8107098A1}.Release|x86.ActiveCfg = Release|Win32
		{45B76CA6-096E-43C8-B051-07B8107098A1}.Release|x86.Build.0 = Release|Win32
		{DF7901E1-C7C8-47A1-81A9-1A652625A10B}.Debug|x64.ActiveCfg = Debug|x64
		{DF7901E1-C7C8-47A1-81A9-1A652625A10B}.Debug|x64.Build.0 = Debug|x64
		{DF7901E1-C7C8-47A1-81A9-1A652625A10B}.Debug|x86.ActiveCfg = Debug|Win32
		{DF7901E1-C7C8-47A1-81A9-1A652625A10B}.Debug|x86.Build.0 = Debug|Win32
		{DF7901E1-C7C8-47A1-81A9-1A652625A10B}.Release|x64.ActiveCfg = Release|x64
		{DF7901E1-C7C8-47A1-81A9-1A652625A10B}.Release|x64.Build.0 = Release|x64
		{DF7901E1-C7C8-47A1-81A9-1A652625A10B}.Release|x86.ActiveCfg = Release|Win32
		{DF7901E1-C7C8-47A1-81A9-1A652625A10B}.Release|x86.Build.0 = Release|Win32
		{DFF30F00-6225-447F-A56A-41847F677539}.Debug|x64.ActiveCfg = Debug|x64
		{DFF30F00-6225-447F-A56A-41847F677539}.Debug|x64.Build.0 = Debug|x64
		{DFF30F00-6225-447F-A56A-41847F677539}.Debug|x86.ActiveCfg = Debug|Win32
		{DFF30F00-6225-447F-A56A-41847F677539}.Debug|x86.Build.0 = Debug|Win32
		{DFF30F00-6225-447F-A56A-41847F677539}.Release|x64.ActiveCfg = Release|x64
		{DFF30F00-6225-447F-A56A-41847F677539}.Release|x64.Build.0 = Release|x64
		{DFF30F00-6225-447F-A56A-41847F677539}.Release|x86.ActiveCfg = Release|Win32
		{DFF30F00-6225-447F-A56A-41847F677539}.Release|x86.Build.0 = Release|Win32
		{A8DB22C8-8512-4801-8461-8F7EB1837437}.Debug|x64.ActiveCfg = Debug|x64
		{A8DB22C8-8512-4801-8461-8F7EB1837437}.Debug|x64.Build.0 = Debug|x64
		{A8DB22C8-8512-4801-8461-8F7EB1837437}.Debug|x86.ActiveCfg = Debug|Win32
		{A8DB22C8-8512-4801-8461-8F7EB1837437}.Debug|x86.Build.0 = Debug|Win32
		{A8DB22C8-8512-4801-8461-8F7EB1837437}.Release|x64.ActiveCfg = Release|x64
		{A8DB22C8-8512-4801-8461-8F7EB1837437}.Release|x64.Build.0 = Release|x64
		{A8DB22C8-8512-4801-8461-8F7EB1837437}.Release|x86.ActiveCfg = Release|Win32
		{A8DB22C8-8512-4801-8461-8F7EB1837437}.Release|x86.Build.0 = Release|Win32
		{6A910099-AA3B-40FA-9F97-2FB370ACA537}.Debug|x64.ActiveCfg = Debug|x64
		{6A910099-AA3B-40FA-9F97-2FB370ACA537}.Debug|x64.Build.0 = Debug|x64
		{6A910099-AA3B-40FA-9F97-2FB370ACA537}.Debug|x86.ActiveCfg = Debug|Win32
		{6A910099-AA3B-40FA-9F97-2FB370ACA537}.Debug|x86.Build.0 = Debug|Win32
		{6A910099-AA3B-40FA-9F97-2FB370ACA537}.Release|x64.ActiveCfg = Release|x64
		{6A910099-AA3B-40FA-9F97-2FB370ACA537}.Release|x64.Build.0 = Release|x64
		{6A910099-AA3B-40FA-9F97-2FB370ACA537}.Release|x86.ActiveCfg = Release|Win32
		{6A910099-AA3B-40FA-9F97-2FB370ACA537}.Release|x86.Build.0 = Release|Win32
		{9EFB717F-E1A4-4D04-B13D-8A7B9475E831}.Debug|x64.ActiveCfg = Debug|x64
		{9EFB717F-E1A4-4D04-B13D-8A7B9475E831}.Debug|x64.Build.0 = Debug|x64
		{9EFB717F-E1A4-4D04-B13D-8A7B9475E831}.Debug|x86.ActiveCfg = Debug|Win32
		{9EFB717F-E1A4-4D04-B13D-8A7B9475E831}.Debug|x86.Build.0 = Debug|Win32
		{9EFB717F-E1A4-4D04-B13D-8A7B9475E831}.Release|x64.ActiveCfg = Release|x64
		{9EFB717F-E1A4-4D04-B13D-8A7B9475E831}.Release|x64.Build.0 = Release|x64
		{9EFB717F-E1A4-4D04-B13D-8A7B9475E831}.Release|x86.ActiveCfg = Release|Win32
		{9EFB717F-E1A4-4D04-B13D-8A7B9475E831}.Release|x86.Build.0 = Release|Win32
		{D5D6FE7A-54CE-4981-B253-2DB38A2690F6}.Debug|x64.ActiveCfg = Debug|x64
		{D5D6FE7A-54CE-4981-B253-2DB38A2690F6}.Debug|x64.Build.0 = Debug|x64
		{D5D6FE7A-54CE-4981-B253-2DB38A2690F6}.Debug|x86.ActiveCfg = Debug|Win32
		{D5D6FE7A-54CE-4981-B253-2DB38A2690F6}.Debug|x86.Build.0 = Debug|Win32
		{D5D6FE7A-54CE-4981-B253-2DB38A2690F6}.Release|x64.ActiveCfg = Release|x64
		{D5D6FE7A-54CE-4981-B253-2DB38A2690F6}.Release|x64.Build.0 = Release|x64
		{D5D6FE7A-54CE-4981-B253-2DB38A2690F6}.Release|x86.ActiveCfg = Release|Win32
		{D5D6FE7A-54CE-4981-B253-2DB38A2690F6}.Release|x86.Build.0 = Release|Win32
		{941E8E99-78A3-45AA-8715-1C689DF6682B}.Debug|x64.ActiveCfg = Debug|x64
		{941E8E99-78A3-45AA-8715-1C689DF6682B}.Debug|x64.Build.0 = Debug|x64
		{941E8E99-78A3-45AA-8715-1C689DF6682B}.Debug|x86.ActiveCfg = Debug|Win32
		{941E8E99-78A3-45AA-8715-1C689DF6682B}.Debug|x86.Build.0 = Debug|Win32
		{941E8E99-78A3-45AA-8715-1C689DF6682B}.Release|x64.ActiveCfg = Release|x64
		{941E8E99-78A3-45AA-8715-1C689DF6682B}.Release|x64.Build.0 = Release|x64
		{941E8E99-78A3-45AA-8715-1C689DF6682B}.Release|x86.ActiveCfg = Release|Win32
		{941E8E99-78A3-45AA-8715-1C689DF6682B}.Release|x86.Build.0 = Release|Win32
		{BF37FAB4-C8C6-4D9C-8135-21D7F94E0163}.Debug|x64.ActiveCfg = Debug|x64
		{BF37FAB4-C8C6-4D9C-8135-21D7F94E0163}.Debug|x64.Build.0 = Debug|x64
		{BF37FAB4-C8C6-4D9C-8135-21D7F94E0163}.Debug|x86.ActiveCfg = Debug|Win32
		{BF37FAB4-C8C6-4D9C-8135-21D7F94E0163}.Debug|x86.Build.0 = Debug|Win32
		{BF37FAB4-C8C6-4D9C-8135-21D7F94E0163}.Release|x64.ActiveCfg = Release|x64
		{BF37FAB4-C8C6-4D9C-8135-21D7F94E0163}.Release|x64.Build.0 = Release|x64
		{BF37FAB4-C8C6-4D9C-8135-21D7F94E0163}.Release|x86.ActiveCfg = Release|Win32
		{BF37FAB4-C8C6-4D9C-8135-21D7F94E0163}.Release|x86.Build.0 = Release|Win32
		{FA4C2AD6-EC3C-48D5-9F48-8AA9D3870B7B}.Debug|x64.ActiveCfg = Debug|x64
		{FA4C2AD6-EC3C-48D5-9F48-8AA9D3870B7B}.Debug|x64.Build.0 = Debug|x64
		{FA4C2AD6-EC3C-48D5-9F48-8AA9D3870B7B}.Debug|x86.ActiveCfg = Debug|Win32
		{FA4C2AD6-EC3C-48D5-9F48-8AA9D3870B7B}.Debug|x86.Build.0 = Debug|Win32
		{FA4C2AD6-EC3C-48D5-9F48-8AA9D3870B7B}.Release|x64.ActiveCfg = Release|x64
		{FA4C2AD6-EC3C-48D5-9F48-8AA9D3870B7B}.Release|x64.Build.0 = Release|x64
		{FA4C2AD6-EC3C-48D5-9F48-8AA9D3870B7B}.Release|x86.ActiveCfg = Release|Win32
		{FA4C2AD6-EC3C-48D5-9F48-8AA9D3870B7B}.Release|x86.Build.0 = Release|Win32
		{6E41403E-CB3D-4F66-9795-AB3779F80FB9}.Debug|x64.ActiveCfg = Debug|x64
		{6E41403E-CB3D-4F66-9795-AB3779F80FB9}.Debug|x64.Build.0 = Debug|x64
		{6E41403E-CB3D-4F66-9795-AB3779F80FB9}.Debug|x86.ActiveCfg = Debug|Win32
		{6E41403E-CB3D-4F66-9795-AB3779F80FB9}.Debug|x86.Build.0 = Debug|Win32
		{6E41403E-CB3D-4F66-9795-AB3779F80FB9}.Release|x64.ActiveCfg = Release|x64
		{6E41403E-CB3D-4F66-9795-AB3779F80FB9}.Release|x64.Build.0 = Release|x64
		{6E41403E-CB3D-4F66-9795-AB3779F80FB9}.Release|x86.ActiveCfg = Release|Win32
		{6E41403E-CB3D-4F66-9795-AB3779F80FB9}.Release|x86.Build.0 = Release|Win32
		{E6229087-DA0F-438F-AF71-2FA9D7F059F0}.Debug|x64.ActiveCfg = Debug|x64
		{E6229087-DA0F-438F-AF71-2FA9D7F059F0}.Debug|x64.Build.0 = Debug|x64
		{E6229087-DA0F-438F-AF71-2FA9D7F059F0}.Debug|x86.ActiveCfg = Debug|Win32
		{E6229087-DA0F-438F-AF71-2FA9D7F059F0}.Debug|x86.Build.0 = Debug|Win32
		{E6229087-DA0F-438F-AF71-2FA9D7F059F0}.Release|x64.ActiveCfg = Release|x64
		{E6229087-DA0F-438F-AF71-2FA9D7F059F0}.Release|x64.Build.0 = Release|x64
		{E6229087-DA0F-438F-AF71-2FA9D7F059F0}.Release|x86.ActiveCfg = Release|Win32
		{E6229087-DA0F-438F-AF71-2FA9D7F059F0}.Release|x86.Build.0 = Release|Win32
		{1213FDB2-D40D-42C2-B79F-1DE302E8862A}.Debug|x64.ActiveCfg = Debug|x64
		{1213FDB2-D40D-42C2-B79F-1DE302E8862A}.Debug|x64.Build.0 = Debug|x64
		{1213FDB2-D40D-42C2-B79F-1DE302E8862A}.Debug|x86.ActiveCfg = Debug|Win32
		{1213FDB2-D40D-42C2-B79F-1DE302E8862A}.Debug|x86.Build.0 = Debug|Win32
		{1213FDB2-D40D-42C2-B79F-1DE302E8862A}.Release|x64.ActiveCfg = Release|x64
		{1213FDB2-D40D-42C2-B79F-1DE302E8862A}.Release|x64.Build.0 = Release|x64
		{1213FDB2-D40D-42C2-B79F-1DE302E8862A}.Release|x86.ActiveCfg = Release|Win32
		{1213FDB2-D40D-42C2-B79F-1DE302E8862A}.Release|x86.Build.0 = Release|Win32
		{F1CEE00B-83CC-492C-909D-E9282505464D}.Debug|x64.ActiveCfg = Debug|x64
		{F1CEE00B-83CC-492C-909D-E9282505464D}.Debug|x64.Build.0 = Debug|x64
		{F1CEE00B-83CC-492C-909D-E9282505464D}.Debug|x86.ActiveCfg = Debug|Win32
		{F1CEE00B-83CC-492C-909D-E9282505464D}.Debug|x86.Build.0 = Debug|Win32
		{F1CEE00B-83CC-492C-909D-E9282505464D}.Release|x64.ActiveCfg = Release|x64
		{F1CEE00B-83CC-492C-909D-E9282505464D}.Release|x64.Build.0 = Release|x64
		{F1CEE00B-83CC-492C-909D-E9282505464D}.Release|x86.ActiveCfg = Release|Win32
		{F1CEE00B-83CC-492C-909D-E9282505464D}.Release|x86.Build.0 = Release|Win32
		{8C389551-6642-4737-9244-8ECBDE0F1BF4}.Debug|x64.ActiveCfg = Debug|x64
		{8C389551-6642-4737-9244-8ECBDE0F1BF4}.Debug|x64.Build.0 = Debug|x64
		{8C389551-6642-4737-9244-8ECBDE0F1BF4}.Debug|x86.ActiveCfg = Debug|Win32
		{8C389551-6642-4737-9244-8ECBDE0F1BF4}.Debug|x86.Build.0 = Debug|Win32
		{8C389551-6642-4737-9244-8ECBDE0F1BF4}.Release|x64.ActiveCfg = Release|x64
		{8C389551-6642-4737-9244-8ECBDE0F1BF4}.Release|x64.Build.0 = Release|x64
		{8C389551-6642-4737-9244-8ECBDE0F1BF4}.Release|x86.ActiveCfg = Release|Win32
		{8C389551-6642-4737-9244-8ECBDE0F1BF4}.Release|x86.Build.0 = Release|Win32
		{92C4CBDA-F8CD-417F-B300-735685B747A9}.Debug|x64.ActiveCfg = Debug|x64
		{92C4CBDA-F8CD-417F-B300-735685B747A9}.Debug|x64.Build.0 = Debug|x64
		{92C4CBDA-F8CD-417F-B300-735685B747A9}.Debug|x86.ActiveCfg = Debug|Win32
		{92C4CBDA-F8CD-417F-B300-735685B747A9}.Debug|x86.Build.0 = Debug|Win32
		{92C4CBDA-F8CD-417F-B300-735685B747A9}.Release|x64.ActiveCfg = Release|x64
		{92C4CBDA-F8CD-417F-B300-735685B747A9}.Release|x64.Build.0 = Release|x64
		{92C4CBDA-F8CD-417F-B300-735685B747A9}.Release|x86.ActiveCfg = Release|Win32
		{92C4CBDA-F8CD-417F-B300-735685B747A9}.Release|x86.Build.0 = Release|Win32
		{10A29CEF-1F3D-421A-BCFC-646A04EF157F}.Debug|x64.ActiveCfg = Debug|x64
		{10A29CEF-1F3D-421A-BCFC-646A04EF157F}.Debug|x64.Build.0 = Debug|x64
		{10A29CEF-1F3D-421A-BCFC-646A04EF157F}.Debug|x86.ActiveCfg = Debug|Win32
		{10A29CEF-1F3D-421A-BCFC-646A04EF157F}.Debug|x86.Build.0 = Debug|Win32
		{10A29CEF-1F3D-421A-BCFC-646A04EF157F}.Release|x64.ActiveCfg = Release|x64
		{10A29CEF-1F3D-421A-BCFC-646A04EF157F}.Release|x64.Build.0 = Release|x64
		{10A29CEF-1F3D-421A-BCFC-646A04EF157F}.Release|x86.ActiveCfg = Release|Win32
		{10A29CEF-1F3D-421A-BCFC-646A04EF157F}.Release|x86.Build.0 = Release|Win32
		{87C3435E-37C6-41A5-A25F-ED77CB19AEC5}.Debug|x64.ActiveCfg = Debug|x64
		{87C3435E-37C6-41A5-A25F-ED77CB19AEC5}.Debug|x64.Build.0 = Debug|x64
		{87C3435E-37C6-41A5-A25F-ED77CB19AEC5}.Debug|x86.ActiveCfg = Debug|Win32
		{87C3435E-37C6-41A5-A25F-ED77CB19AEC5}.Debug|x86.Build.0 = Debug|Win32
		{87C3435E-37C6-41A5-A25F-ED77CB19AEC5}.Release|x64.ActiveCfg = Release|x64
		{87C3435E-37C6-41A5-A25F-ED77CB19AEC5}.Release|x64.Build.0 = Release|x64
		{87C3435E-37C6-41A5-A25F-ED77CB19AEC5}.Release|x86.ActiveCfg = Release|Win32
		{87C3435E-37C6-41A5-A25F-ED77CB19AEC5}.Release|x86.Build.0 = Release|Win32
		{68D4A2A4-E613-445C-93B5-7DC3792851B5}.Debug|x64.ActiveCfg = Debug|x64
		{68D4A2A4-E613-445C-93B5-7DC3792851B5}.Debug|x64.Build.0 = Debug|x64
		{68D4A2A4-E613-445C-93B5-7DC3792851B5}.Debug|x86.ActiveCfg = Debug|Win32
		{68D4A2A4-E613-445C-93B5-7DC3792851B5}.Debug|x86.Build.0 = Debug|Win32
		{68D4A2A4-E613-445C-93B5-7DC3792851B5}.Release|x64.ActiveCfg = Release|x64
		{68D4A2A4-E613-445C-93B5-7DC3792851B5}.Release|x64.Build.0 = Release|x64
		{68D4A2A4-E613-445C-93B5-7DC3792851B5}.Release|x86.ActiveCfg = Release|Win32
		{68D4A2A4-E613-445C-93B5-7DC3792851B5}.Release|x86.Build.0 = Release|Win32
		{C6ABB72B-AB11-47A0-946C-31BBA7494E3B}.Debug|x64.ActiveCfg = Debug|x64
		{C6ABB72B-AB11-47A0-946C-31BBA7494E3B}.Debug|x64.Build.0 = Debug|x64
		{C6ABB72B-AB11-47A0-946C-31BBA7494E3B}.Debug|x86.ActiveCfg = Debug|Win32
		{C6ABB72B-AB11-47A0-946C-31BBA7494E3B}.Debug|x86.Build.0 = Debug|Win32
		{C6ABB72B-AB11-47A0-946C-31BBA7494E3B}.Release|x64.ActiveCfg = Release|x64
		{C6ABB72B-AB11-47A0-946C-31BBA7494E3B}.Release|x64.Build.0 = Release|x64
		{C6ABB72B-AB11-47A0-946C-31BBA7494E3B}.Release|x86.ActiveCfg = Release|Win32
		{C6ABB72B-AB11-47A0-946C-31BBA7494E3B}.Release|x86.Build.0 = Release|Win32
	EndGlobalSection
	GlobalSection(SolutionProperties) = preSolution
		HideSolutionNode = FALSE
	EndGlobalSection
	GlobalSection(ExtensibilityGlobals) = postSolution
		SolutionGuid = {B90C1597-946C-4184-81F8-C771A2C9DB35}
	EndGlobalSection
EndGlobal
